
Microsoft Visual Studio Solution File, Format Version 12.00
# Visual Studio Version 17
VisualStudioVersion = 17.2.32630.192
MinimumVisualStudioVersion = 10.0.40219.1
Project("{FAE04EC0-301F-11D3-BF4B-00C04F79EFBC}") = "JenkinAssignment1", "JenkinAssignment1.csproj", "{AD12FC48-7CA6-4251-8DB8-511A53E460C0}"
EndProject
Global
	GlobalSection(SolutionConfigurationPlatforms) = preSolution
		Debug|Any CPU = Debug|Any CPU
		Release|Any CPU = Release|Any CPU
	EndGlobalSection
	GlobalSection(ProjectConfigurationPlatforms) = postSolution
		{AD12FC48-7CA6-4251-8DB8-511A53E460C0}.Debug|Any CPU.ActiveCfg = Debug|Any CPU
		{AD12FC48-7CA6-4251-8DB8-511A53E460C0}.Debug|Any CPU.Build.0 = Debug|Any CPU
		{AD12FC48-7CA6-4251-8DB8-511A53E460C0}.Release|Any CPU.ActiveCfg = Release|Any CPU
		{AD12FC48-7CA6-4251-8DB8-511A53E460C0}.Release|Any CPU.Build.0 = Release|Any CPU
	EndGlobalSection
	GlobalSection(SolutionProperties) = preSolution
		HideSolutionNode = FALSE
	EndGlobalSection
	GlobalSection(ExtensibilityGlobals) = postSolution
		SolutionGuid = {04CD8C85-A12D-4493-8984-6BD15FCD8D6E}
	EndGlobalSection
EndGlobal
